
Microsoft Visual Studio Solution File, Format Version 12.00
# Visual Studio Version 16
VisualStudioVersion = 16.0.29209.62
MinimumVisualStudioVersion = 10.0.40219.1
Project("{FAE04EC0-301F-11D3-BF4B-00C04F79EFBC}") = "Mathematics", "Mathematics\Mathematics.csproj", "{69F374BB-4068-4DDA-93E2-2D8B1A8A3913}"
EndProject
Global
	GlobalSection(SolutionConfigurationPlatforms) = preSolution
		Debug|Any CPU = Debug|Any CPU
		Release|Any CPU = Release|Any CPU
	EndGlobalSection
	GlobalSection(ProjectConfigurationPlatforms) = postSolution
		{69F374BB-4068-4DDA-93E2-2D8B1A8A3913}.Debug|Any CPU.ActiveCfg = Debug|Any CPU
		{69F374BB-4068-4DDA-93E2-2D8B1A8A3913}.Debug|Any CPU.Build.0 = Debug|Any CPU
		{69F374BB-4068-4DDA-93E2-2D8B1A8A3913}.Release|Any CPU.ActiveCfg = Release|Any CPU
		{69F374BB-4068-4DDA-93E2-2D8B1A8A3913}.Release|Any CPU.Build.0 = Release|Any CPU
	EndGlobalSection
	GlobalSection(SolutionProperties) = preSolution
		HideSolutionNode = FALSE
	EndGlobalSection
	GlobalSection(ExtensibilityGlobals) = postSolution
		SolutionGuid = {ACCCE241-6835-4EA9-BB2B-A41CAC253B0C}
	EndGlobalSection
EndGlobal
