
Microsoft Visual Studio Solution File, Format Version 12.00
# Visual Studio Version 16
VisualStudioVersion = 16.0.29209.62
MinimumVisualStudioVersion = 10.0.40219.1
Project("{FAE04EC0-301F-11D3-BF4B-00C04F79EFBC}") = "Chess", "Chess\Chess.csproj", "{4E03D6A7-FF25-45F7-AF5F-CAC181923259}"
EndProject
Global
	GlobalSection(SolutionConfigurationPlatforms) = preSolution
		Debug|Any CPU = Debug|Any CPU
		Release|Any CPU = Release|Any CPU
	EndGlobalSection
	GlobalSection(ProjectConfigurationPlatforms) = postSolution
		{4E03D6A7-FF25-45F7-AF5F-CAC181923259}.Debug|Any CPU.ActiveCfg = Debug|Any CPU
		{4E03D6A7-FF25-45F7-AF5F-CAC181923259}.Debug|Any CPU.Build.0 = Debug|Any CPU
		{4E03D6A7-FF25-45F7-AF5F-CAC181923259}.Release|Any CPU.ActiveCfg = Release|Any CPU
		{4E03D6A7-FF25-45F7-AF5F-CAC181923259}.Release|Any CPU.Build.0 = Release|Any CPU
	EndGlobalSection
	GlobalSection(SolutionProperties) = preSolution
		HideSolutionNode = FALSE
	EndGlobalSection
	GlobalSection(ExtensibilityGlobals) = postSolution
		SolutionGuid = {0D6A305D-2318-4173-9090-2297BB9A0F3D}
	EndGlobalSection
EndGlobal
