
Microsoft Visual Studio Solution File, Format Version 12.00
# Visual Studio Version 16
VisualStudioVersion = 16.0.29609.76
MinimumVisualStudioVersion = 10.0.40219.1
Project("{FAE04EC0-301F-11D3-BF4B-00C04F79EFBC}") = "Условные операторы 2", "Условные операторы 2\Условные операторы 2.csproj", "{174E4B06-9E06-452B-9DBE-6AB120145328}"
EndProject
Global
	GlobalSection(SolutionConfigurationPlatforms) = preSolution
		Debug|Any CPU = Debug|Any CPU
		Release|Any CPU = Release|Any CPU
	EndGlobalSection
	GlobalSection(ProjectConfigurationPlatforms) = postSolution
		{174E4B06-9E06-452B-9DBE-6AB120145328}.Debug|Any CPU.ActiveCfg = Debug|Any CPU
		{174E4B06-9E06-452B-9DBE-6AB120145328}.Debug|Any CPU.Build.0 = Debug|Any CPU
		{174E4B06-9E06-452B-9DBE-6AB120145328}.Release|Any CPU.ActiveCfg = Release|Any CPU
		{174E4B06-9E06-452B-9DBE-6AB120145328}.Release|Any CPU.Build.0 = Release|Any CPU
	EndGlobalSection
	GlobalSection(SolutionProperties) = preSolution
		HideSolutionNode = FALSE
	EndGlobalSection
	GlobalSection(ExtensibilityGlobals) = postSolution
		SolutionGuid = {20895C36-FB54-4E7B-8C35-BB0F6491BE30}
	EndGlobalSection
EndGlobal
