
Microsoft Visual Studio Solution File, Format Version 12.00
# Visual Studio Version 16
VisualStudioVersion = 16.0.29609.76
MinimumVisualStudioVersion = 10.0.40219.1
Project("{FAE04EC0-301F-11D3-BF4B-00C04F79EFBC}") = "Условные операторы 1", "Условные операторы 1\Условные операторы 1.csproj", "{3A7A62DA-0F6C-4C1C-AD3D-1D5DE1645C0D}"
EndProject
Global
	GlobalSection(SolutionConfigurationPlatforms) = preSolution
		Debug|Any CPU = Debug|Any CPU
		Release|Any CPU = Release|Any CPU
	EndGlobalSection
	GlobalSection(ProjectConfigurationPlatforms) = postSolution
		{3A7A62DA-0F6C-4C1C-AD3D-1D5DE1645C0D}.Debug|Any CPU.ActiveCfg = Debug|Any CPU
		{3A7A62DA-0F6C-4C1C-AD3D-1D5DE1645C0D}.Debug|Any CPU.Build.0 = Debug|Any CPU
		{3A7A62DA-0F6C-4C1C-AD3D-1D5DE1645C0D}.Release|Any CPU.ActiveCfg = Release|Any CPU
		{3A7A62DA-0F6C-4C1C-AD3D-1D5DE1645C0D}.Release|Any CPU.Build.0 = Release|Any CPU
	EndGlobalSection
	GlobalSection(SolutionProperties) = preSolution
		HideSolutionNode = FALSE
	EndGlobalSection
	GlobalSection(ExtensibilityGlobals) = postSolution
		SolutionGuid = {EE067BDA-495D-47BC-A41E-FCACAC4071E6}
	EndGlobalSection
EndGlobal
