
Microsoft Visual Studio Solution File, Format Version 12.00
# Visual Studio Version 16
VisualStudioVersion = 16.0.29609.76
MinimumVisualStudioVersion = 10.0.40219.1
Project("{FAE04EC0-301F-11D3-BF4B-00C04F79EFBC}") = "Условные операторы 4", "Условные операторы 4\Условные операторы 4.csproj", "{EC70E222-8006-476E-B675-DB18DB3008A4}"
EndProject
Global
	GlobalSection(SolutionConfigurationPlatforms) = preSolution
		Debug|Any CPU = Debug|Any CPU
		Release|Any CPU = Release|Any CPU
	EndGlobalSection
	GlobalSection(ProjectConfigurationPlatforms) = postSolution
		{EC70E222-8006-476E-B675-DB18DB3008A4}.Debug|Any CPU.ActiveCfg = Debug|Any CPU
		{EC70E222-8006-476E-B675-DB18DB3008A4}.Debug|Any CPU.Build.0 = Debug|Any CPU
		{EC70E222-8006-476E-B675-DB18DB3008A4}.Release|Any CPU.ActiveCfg = Release|Any CPU
		{EC70E222-8006-476E-B675-DB18DB3008A4}.Release|Any CPU.Build.0 = Release|Any CPU
	EndGlobalSection
	GlobalSection(SolutionProperties) = preSolution
		HideSolutionNode = FALSE
	EndGlobalSection
	GlobalSection(ExtensibilityGlobals) = postSolution
		SolutionGuid = {2EAD5BB8-758E-41E8-BAD3-BE768FC57344}
	EndGlobalSection
EndGlobal
